// !$*UTF8*$!
{
	archiveVersion = 1;
	classes = {
	};
	objectVersion = 46;
	objects = {

/* Begin PBXBuildFile section */
		32D794EB1D61D5A600134D01 /* Dream.swift in Sources */ = {isa = PBXBuildFile; fileRef = 32D794EA1D61D5A600134D01 /* Dream.swift */; };
		3A45B58978882C650823EE39 /* Pods_PeakPerformance.framework in Frameworks */ = {isa = PBXBuildFile; fileRef = 733FAC696FC1D07ED33F757B /* Pods_PeakPerformance.framework */; };
		4427EFE81D4CD57B005458DB /* menu icon_25x17.png in Resources */ = {isa = PBXBuildFile; fileRef = 4427EFE71D4CD57B005458DB /* menu icon_25x17.png */; };
		4427EFEA1D4CED13005458DB /* dream-list-icon-25x25.png in Resources */ = {isa = PBXBuildFile; fileRef = 4427EFE91D4CED13005458DB /* dream-list-icon-25x25.png */; };
		4427EFEE1D4CED39005458DB /* monthly-icon-25x25.png in Resources */ = {isa = PBXBuildFile; fileRef = 4427EFED1D4CED39005458DB /* monthly-icon-25x25.png */; };
		4427EFF01D4CED67005458DB /* history-icon.png in Resources */ = {isa = PBXBuildFile; fileRef = 4427EFEF1D4CED67005458DB /* history-icon.png */; };
		4427EFF21D4CEE3A005458DB /* my-values-icon-25x25.png in Resources */ = {isa = PBXBuildFile; fileRef = 4427EFF11D4CEE3A005458DB /* my-values-icon-25x25.png */; };
		444447041D588F520029E3C6 /* TutorialViewController.swift in Sources */ = {isa = PBXBuildFile; fileRef = 444447031D588F520029E3C6 /* TutorialViewController.swift */; };
		44558EC71D59981C00F978D0 /* GreetingViewController.swift in Sources */ = {isa = PBXBuildFile; fileRef = 44558EC61D59981C00F978D0 /* GreetingViewController.swift */; };
		446379A11D55968300BAE5B2 /* login_background.jpg in Resources */ = {isa = PBXBuildFile; fileRef = 446379A01D55968300BAE5B2 /* login_background.jpg */; };
		446379BC1D56089900BAE5B2 /* ES.png in Resources */ = {isa = PBXBuildFile; fileRef = 446379B41D56089900BAE5B2 /* ES.png */; };
		446379BD1D56089900BAE5B2 /* F.png in Resources */ = {isa = PBXBuildFile; fileRef = 446379B51D56089900BAE5B2 /* F.png */; };
		446379BE1D56089900BAE5B2 /* FI.png in Resources */ = {isa = PBXBuildFile; fileRef = 446379B61D56089900BAE5B2 /* FI.png */; };
		446379BF1D56089900BAE5B2 /* FR.png in Resources */ = {isa = PBXBuildFile; fileRef = 446379B71D56089900BAE5B2 /* FR.png */; };
		446379C01D56089900BAE5B2 /* H.png in Resources */ = {isa = PBXBuildFile; fileRef = 446379B81D56089900BAE5B2 /* H.png */; };
		446379C11D56089900BAE5B2 /* P.png in Resources */ = {isa = PBXBuildFile; fileRef = 446379B91D56089900BAE5B2 /* P.png */; };
		446379C21D56089900BAE5B2 /* PD.png in Resources */ = {isa = PBXBuildFile; fileRef = 446379BA1D56089900BAE5B2 /* PD.png */; };
		446379C31D56089900BAE5B2 /* W.png in Resources */ = {isa = PBXBuildFile; fileRef = 446379BB1D56089900BAE5B2 /* W.png */; };
		446C6FA31D93F41D0094FA55 /* CustomizableLabel.swift in Sources */ = {isa = PBXBuildFile; fileRef = 446C6FA21D93F41D0094FA55 /* CustomizableLabel.swift */; };
		4484A3BD1D49D31800650D6B /* weekly-icon_25x25.png in Resources */ = {isa = PBXBuildFile; fileRef = 4484A3BC1D49D31800650D6B /* weekly-icon_25x25.png */; };
		449618051D7D503100AD8C25 /* customizableTextView.swift in Sources */ = {isa = PBXBuildFile; fileRef = 449618041D7D503100AD8C25 /* customizableTextView.swift */; };
		449D802C1D88570D00C0138A /* ENMBadgedBarButtonItem.swift in Sources */ = {isa = PBXBuildFile; fileRef = 449D802B1D88570D00C0138A /* ENMBadgedBarButtonItem.swift */; };
		44A8EEBE1D783641001FB50D /* MyValuesTableViewController.swift in Sources */ = {isa = PBXBuildFile; fileRef = 44A8EEBD1D783641001FB50D /* MyValuesTableViewController.swift */; };
		44AA95E71D597C9E0020FBAF /* tutorial-execute.jpg in Resources */ = {isa = PBXBuildFile; fileRef = 44AA95E31D597C9E0020FBAF /* tutorial-execute.jpg */; };
		44AA95E81D597C9E0020FBAF /* tutorial-kick.jpg in Resources */ = {isa = PBXBuildFile; fileRef = 44AA95E41D597C9E0020FBAF /* tutorial-kick.jpg */; };
		44AA95E91D597C9E0020FBAF /* tutorial-preparation.jpg in Resources */ = {isa = PBXBuildFile; fileRef = 44AA95E51D597C9E0020FBAF /* tutorial-preparation.jpg */; };
		44D88C0A1D895B7E00F7C827 /* Extensions.swift in Sources */ = {isa = PBXBuildFile; fileRef = 44D88C091D895B7E00F7C827 /* Extensions.swift */; };
		44DD923F1D520F8C00BD312D /* MIDatePicker in Resources */ = {isa = PBXBuildFile; fileRef = 44DD923E1D520F8C00BD312D /* MIDatePicker */; };
		44E65A9B1D59EE1D008442F2 /* LastPageTutorialViewController.swift in Sources */ = {isa = PBXBuildFile; fileRef = 44E65A9A1D59EE1D008442F2 /* LastPageTutorialViewController.swift */; };
		B50861BF1D4B316900901638 /* Goal.swift in Sources */ = {isa = PBXBuildFile; fileRef = B50861BE1D4B316900901638 /* Goal.swift */; };
		B50861C11D4B359A00901638 /* MonthlyGoal.swift in Sources */ = {isa = PBXBuildFile; fileRef = B50861C01D4B359A00901638 /* MonthlyGoal.swift */; };
		B50861C51D5060C100901638 /* WeeklyGoalDetailViewController.swift in Sources */ = {isa = PBXBuildFile; fileRef = B50861C41D5060C100901638 /* WeeklyGoalDetailViewController.swift */; };
		B5113CAB1D6C5B8F006AABAD /* SideMenuViewController.swift in Sources */ = {isa = PBXBuildFile; fileRef = B5113CAA1D6C5B8F006AABAD /* SideMenuViewController.swift */; };
		B51BD7931D7E8611003EA9AC /* HistoryViewController.swift in Sources */ = {isa = PBXBuildFile; fileRef = B51BD7921D7E8611003EA9AC /* HistoryViewController.swift */; };
		B51BD7951D7E8634003EA9AC /* HistoryTableViewCell.swift in Sources */ = {isa = PBXBuildFile; fileRef = B51BD7941D7E8634003EA9AC /* HistoryTableViewCell.swift */; };
		B51BD7971D7E95C4003EA9AC /* MonthlySummary.swift in Sources */ = {isa = PBXBuildFile; fileRef = B51BD7961D7E95C4003EA9AC /* MonthlySummary.swift */; };
		B53132A51D7AB0330027F4F4 /* menu-150dpi.png in Resources */ = {isa = PBXBuildFile; fileRef = B53132A41D7AB0330027F4F4 /* menu-150dpi.png */; };
		B53132A71D7AB0AE0027F4F4 /* Assets.xcassets in Resources */ = {isa = PBXBuildFile; fileRef = B53132A61D7AB0AE0027F4F4 /* Assets.xcassets */; };
		B53132A91D7E74670027F4F4 /* MonthlyReviewViewController.swift in Sources */ = {isa = PBXBuildFile; fileRef = B53132A81D7E74670027F4F4 /* MonthlyReviewViewController.swift */; };
		B53B455E1D3FB85500F20D25 /* DataService.swift in Sources */ = {isa = PBXBuildFile; fileRef = B53B455A1D3FB85500F20D25 /* DataService.swift */; };
		B53B455F1D3FB85500F20D25 /* LoginViewController.swift in Sources */ = {isa = PBXBuildFile; fileRef = B53B455B1D3FB85500F20D25 /* LoginViewController.swift */; };
		B53B45601D3FB85500F20D25 /* SignUpViewController.swift in Sources */ = {isa = PBXBuildFile; fileRef = B53B455C1D3FB85500F20D25 /* SignUpViewController.swift */; };
		B53B45611D3FB85500F20D25 /* User.swift in Sources */ = {isa = PBXBuildFile; fileRef = B53B455D1D3FB85500F20D25 /* User.swift */; };
		B53E7EAF1D8BD0CA00CFF4AB /* InitialSetupViewController.swift in Sources */ = {isa = PBXBuildFile; fileRef = B53E7EAE1D8BD0CA00CFF4AB /* InitialSetupViewController.swift */; };
		B53E7EB11D8BD0DB00CFF4AB /* SecondInitialSetupViewController.swift in Sources */ = {isa = PBXBuildFile; fileRef = B53E7EB01D8BD0DB00CFF4AB /* SecondInitialSetupViewController.swift */; };
		B55652581D40DCE900E315A4 /* Constants.swift in Sources */ = {isa = PBXBuildFile; fileRef = B55652571D40DCE900E315A4 /* Constants.swift */; };
		B567CE801D8BE8BE0033A8A1 /* Summary.swift in Sources */ = {isa = PBXBuildFile; fileRef = B567CE7F1D8BE8BE0033A8A1 /* Summary.swift */; };
		B567CE821D8BE91F0033A8A1 /* CurrentRealitySummary.swift in Sources */ = {isa = PBXBuildFile; fileRef = B567CE811D8BE91F0033A8A1 /* CurrentRealitySummary.swift */; };
		B569FDFC1D815A230093A827 /* SecondMonthlyReviewViewController.swift in Sources */ = {isa = PBXBuildFile; fileRef = B569FDFB1D815A230093A827 /* SecondMonthlyReviewViewController.swift */; };
		B577EAE71D86B6A70039BB76 /* SummaryViewController.swift in Sources */ = {isa = PBXBuildFile; fileRef = B577EAE61D86B6A70039BB76 /* SummaryViewController.swift */; };
		B577EAE91D86BE230039BB76 /* SecondSummaryViewController.swift in Sources */ = {isa = PBXBuildFile; fileRef = B577EAE81D86BE230039BB76 /* SecondSummaryViewController.swift */; };
		B577EAEB1D86C8B50039BB76 /* SecondSummaryTableViewCell.swift in Sources */ = {isa = PBXBuildFile; fileRef = B577EAEA1D86C8B50039BB76 /* SecondSummaryTableViewCell.swift */; };
		B5789A2D1D6839D4000A3EEF /* tutorial-actualreview.jpg in Resources */ = {isa = PBXBuildFile; fileRef = B5789A2C1D6839D4000A3EEF /* tutorial-actualreview.jpg */; };
		B5789A2F1D6839E2000A3EEF /* splashcreen.jpg in Resources */ = {isa = PBXBuildFile; fileRef = B5789A2E1D6839E2000A3EEF /* splashcreen.jpg */; };
		B5789A311D683B70000A3EEF /* doneicon.jpg in Resources */ = {isa = PBXBuildFile; fileRef = B5789A301D683B70000A3EEF /* doneicon.jpg */; };
		B5791FF11D5493E00079A9CB /* MIDatePicker.swift in Sources */ = {isa = PBXBuildFile; fileRef = B5791FF01D5493E00079A9CB /* MIDatePicker.swift */; };
		B5791FF31D5493E50079A9CB /* MIDatePicker.xib in Resources */ = {isa = PBXBuildFile; fileRef = B5791FF21D5493E50079A9CB /* MIDatePicker.xib */; };
		B5791FF61D5496FC0079A9CB /* MonthlyGoalsViewController.swift in Sources */ = {isa = PBXBuildFile; fileRef = B5791FF51D5496FC0079A9CB /* MonthlyGoalsViewController.swift */; };
		B5791FF81D5497140079A9CB /* MonthlyGoalsDetailViewController.swift in Sources */ = {isa = PBXBuildFile; fileRef = B5791FF71D5497140079A9CB /* MonthlyGoalsDetailViewController.swift */; };
		B590576F1D945A9100D12D2C /* SettingsViewController.swift in Sources */ = {isa = PBXBuildFile; fileRef = B590576E1D945A9100D12D2C /* SettingsViewController.swift */; };
		B59057751D946C7E00D12D2C /* ChangePasswordViewController.swift in Sources */ = {isa = PBXBuildFile; fileRef = B59057741D946C7E00D12D2C /* ChangePasswordViewController.swift */; };
		B59C1F441D61E6B6005F18E1 /* DreamCollectionViewCell.swift in Sources */ = {isa = PBXBuildFile; fileRef = B59C1F411D61E6B6005F18E1 /* DreamCollectionViewCell.swift */; };
		B59C1F451D61E6B6005F18E1 /* DreamCollectionViewController.swift in Sources */ = {isa = PBXBuildFile; fileRef = B59C1F421D61E6B6005F18E1 /* DreamCollectionViewController.swift */; };
		B59C1F461D61E6B6005F18E1 /* DreamDetailViewController.swift in Sources */ = {isa = PBXBuildFile; fileRef = B59C1F431D61E6B6005F18E1 /* DreamDetailViewController.swift */; };
		B59EC4331D3FB45C00AF1297 /* AppDelegate.swift in Sources */ = {isa = PBXBuildFile; fileRef = B59EC4321D3FB45C00AF1297 /* AppDelegate.swift */; };
		B59EC4381D3FB45C00AF1297 /* Main.storyboard in Resources */ = {isa = PBXBuildFile; fileRef = B59EC4361D3FB45C00AF1297 /* Main.storyboard */; };
		B59EC43D1D3FB45C00AF1297 /* LaunchScreen.storyboard in Resources */ = {isa = PBXBuildFile; fileRef = B59EC43B1D3FB45C00AF1297 /* LaunchScreen.storyboard */; };
		B59EC4481D3FB45C00AF1297 /* PeakPerformanceTests.swift in Sources */ = {isa = PBXBuildFile; fileRef = B59EC4471D3FB45C00AF1297 /* PeakPerformanceTests.swift */; };
		B59EC4531D3FB45C00AF1297 /* PeakPerformanceUITests.swift in Sources */ = {isa = PBXBuildFile; fileRef = B59EC4521D3FB45C00AF1297 /* PeakPerformanceUITests.swift */; };
		B59EC4611D3FB50C00AF1297 /* GoogleService-Info.plist in Resources */ = {isa = PBXBuildFile; fileRef = B59EC4601D3FB50C00AF1297 /* GoogleService-Info.plist */; };
		B5A59C601D59BA1C00AFC6AB /* ResetPasswordViewController.swift in Sources */ = {isa = PBXBuildFile; fileRef = B5A59C5F1D59BA1C00AFC6AB /* ResetPasswordViewController.swift */; };
		B5AC10D51D61EE6D00996C47 /* congratulations-page.jpg in Resources */ = {isa = PBXBuildFile; fileRef = B5AC10D41D61EE6D00996C47 /* congratulations-page.jpg */; };
		B5B46A8C1D66D5CB00FFA4F8 /* GoalTableViewCell.swift in Sources */ = {isa = PBXBuildFile; fileRef = B5B46A8B1D66D5CB00FFA4F8 /* GoalTableViewCell.swift */; };
		B5B8D2C31D43465F0072E50A /* TabBarViewController.swift in Sources */ = {isa = PBXBuildFile; fileRef = B5B8D2C21D43465F0072E50A /* TabBarViewController.swift */; };
		B5B8D2CB1D44D9270072E50A /* WeeklyGoalsViewController.swift in Sources */ = {isa = PBXBuildFile; fileRef = B5B8D2CA1D44D9270072E50A /* WeeklyGoalsViewController.swift */; };
		B5B8D2CD1D44E34D0072E50A /* WeeklyGoal.swift in Sources */ = {isa = PBXBuildFile; fileRef = B5B8D2CC1D44E34D0072E50A /* WeeklyGoal.swift */; };
		B5D74D691D6857060026EF07 /* MonthlyGoalTableViewCell.swift in Sources */ = {isa = PBXBuildFile; fileRef = B5D74D681D6857060026EF07 /* MonthlyGoalTableViewCell.swift */; };
		B5F32AD01D74B50300B83B1E /* StorageService.swift in Sources */ = {isa = PBXBuildFile; fileRef = B5F32ACF1D74B50300B83B1E /* StorageService.swift */; };
		B5F32AD21D74C5E900B83B1E /* business-cat.jpg in Resources */ = {isa = PBXBuildFile; fileRef = B5F32AD11D74C5E900B83B1E /* business-cat.jpg */; };
/* End PBXBuildFile section */

/* Begin PBXContainerItemProxy section */
		B59EC4441D3FB45C00AF1297 /* PBXContainerItemProxy */ = {
			isa = PBXContainerItemProxy;
			containerPortal = B59EC4271D3FB45C00AF1297 /* Project object */;
			proxyType = 1;
			remoteGlobalIDString = B59EC42E1D3FB45C00AF1297;
			remoteInfo = PeakPerformance;
		};
		B59EC44F1D3FB45C00AF1297 /* PBXContainerItemProxy */ = {
			isa = PBXContainerItemProxy;
			containerPortal = B59EC4271D3FB45C00AF1297 /* Project object */;
			proxyType = 1;
			remoteGlobalIDString = B59EC42E1D3FB45C00AF1297;
			remoteInfo = PeakPerformance;
		};
/* End PBXContainerItemProxy section */

/* Begin PBXFileReference section */
		1F46C5B205D65FAB57EACF14 /* Pods-PeakPerformance.release.xcconfig */ = {isa = PBXFileReference; includeInIndex = 1; lastKnownFileType = text.xcconfig; name = "Pods-PeakPerformance.release.xcconfig"; path = "Pods/Target Support Files/Pods-PeakPerformance/Pods-PeakPerformance.release.xcconfig"; sourceTree = "<group>"; };
		300B342D95480D2EB8714615 /* Pods-PeakPerformance.debug.xcconfig */ = {isa = PBXFileReference; includeInIndex = 1; lastKnownFileType = text.xcconfig; name = "Pods-PeakPerformance.debug.xcconfig"; path = "Pods/Target Support Files/Pods-PeakPerformance/Pods-PeakPerformance.debug.xcconfig"; sourceTree = "<group>"; };
		32D794EA1D61D5A600134D01 /* Dream.swift */ = {isa = PBXFileReference; fileEncoding = 4; lastKnownFileType = sourcecode.swift; path = Dream.swift; sourceTree = "<group>"; };
		4427EFE71D4CD57B005458DB /* menu icon_25x17.png */ = {isa = PBXFileReference; lastKnownFileType = image.png; path = "menu icon_25x17.png"; sourceTree = "<group>"; };
		4427EFE91D4CED13005458DB /* dream-list-icon-25x25.png */ = {isa = PBXFileReference; lastKnownFileType = image.png; path = "dream-list-icon-25x25.png"; sourceTree = "<group>"; };
		4427EFED1D4CED39005458DB /* monthly-icon-25x25.png */ = {isa = PBXFileReference; lastKnownFileType = image.png; path = "monthly-icon-25x25.png"; sourceTree = "<group>"; };
		4427EFEF1D4CED67005458DB /* history-icon.png */ = {isa = PBXFileReference; lastKnownFileType = image.png; path = "history-icon.png"; sourceTree = "<group>"; };
		4427EFF11D4CEE3A005458DB /* my-values-icon-25x25.png */ = {isa = PBXFileReference; lastKnownFileType = image.png; path = "my-values-icon-25x25.png"; sourceTree = "<group>"; };
		444447031D588F520029E3C6 /* TutorialViewController.swift */ = {isa = PBXFileReference; fileEncoding = 4; lastKnownFileType = sourcecode.swift; path = TutorialViewController.swift; sourceTree = "<group>"; };
		44558EC61D59981C00F978D0 /* GreetingViewController.swift */ = {isa = PBXFileReference; fileEncoding = 4; lastKnownFileType = sourcecode.swift; path = GreetingViewController.swift; sourceTree = "<group>"; };
		446379A01D55968300BAE5B2 /* login_background.jpg */ = {isa = PBXFileReference; lastKnownFileType = image.jpeg; path = login_background.jpg; sourceTree = "<group>"; };
		446379B41D56089900BAE5B2 /* ES.png */ = {isa = PBXFileReference; lastKnownFileType = image.png; path = ES.png; sourceTree = "<group>"; };
		446379B51D56089900BAE5B2 /* F.png */ = {isa = PBXFileReference; lastKnownFileType = image.png; path = F.png; sourceTree = "<group>"; };
		446379B61D56089900BAE5B2 /* FI.png */ = {isa = PBXFileReference; lastKnownFileType = image.png; path = FI.png; sourceTree = "<group>"; };
		446379B71D56089900BAE5B2 /* FR.png */ = {isa = PBXFileReference; lastKnownFileType = image.png; path = FR.png; sourceTree = "<group>"; };
		446379B81D56089900BAE5B2 /* H.png */ = {isa = PBXFileReference; lastKnownFileType = image.png; path = H.png; sourceTree = "<group>"; };
		446379B91D56089900BAE5B2 /* P.png */ = {isa = PBXFileReference; lastKnownFileType = image.png; path = P.png; sourceTree = "<group>"; };
		446379BA1D56089900BAE5B2 /* PD.png */ = {isa = PBXFileReference; lastKnownFileType = image.png; path = PD.png; sourceTree = "<group>"; };
		446379BB1D56089900BAE5B2 /* W.png */ = {isa = PBXFileReference; lastKnownFileType = image.png; path = W.png; sourceTree = "<group>"; };
		446C6FA21D93F41D0094FA55 /* CustomizableLabel.swift */ = {isa = PBXFileReference; fileEncoding = 4; lastKnownFileType = sourcecode.swift; path = CustomizableLabel.swift; sourceTree = "<group>"; };
		4484A3BC1D49D31800650D6B /* weekly-icon_25x25.png */ = {isa = PBXFileReference; lastKnownFileType = image.png; path = "weekly-icon_25x25.png"; sourceTree = "<group>"; };
		449618041D7D503100AD8C25 /* customizableTextView.swift */ = {isa = PBXFileReference; fileEncoding = 4; lastKnownFileType = sourcecode.swift; path = customizableTextView.swift; sourceTree = "<group>"; };
		449D802B1D88570D00C0138A /* ENMBadgedBarButtonItem.swift */ = {isa = PBXFileReference; fileEncoding = 4; lastKnownFileType = sourcecode.swift; path = ENMBadgedBarButtonItem.swift; sourceTree = "<group>"; };
		44A8EEBD1D783641001FB50D /* MyValuesTableViewController.swift */ = {isa = PBXFileReference; fileEncoding = 4; lastKnownFileType = sourcecode.swift; path = MyValuesTableViewController.swift; sourceTree = "<group>"; };
		44AA95E31D597C9E0020FBAF /* tutorial-execute.jpg */ = {isa = PBXFileReference; lastKnownFileType = image.jpeg; path = "tutorial-execute.jpg"; sourceTree = "<group>"; };
		44AA95E41D597C9E0020FBAF /* tutorial-kick.jpg */ = {isa = PBXFileReference; lastKnownFileType = image.jpeg; path = "tutorial-kick.jpg"; sourceTree = "<group>"; };
		44AA95E51D597C9E0020FBAF /* tutorial-preparation.jpg */ = {isa = PBXFileReference; lastKnownFileType = image.jpeg; path = "tutorial-preparation.jpg"; sourceTree = "<group>"; };
		44D88C091D895B7E00F7C827 /* Extensions.swift */ = {isa = PBXFileReference; fileEncoding = 4; lastKnownFileType = sourcecode.swift; path = Extensions.swift; sourceTree = "<group>"; };
		44DD923E1D520F8C00BD312D /* MIDatePicker */ = {isa = PBXFileReference; lastKnownFileType = folder; path = MIDatePicker; sourceTree = "<group>"; };
		44E65A9A1D59EE1D008442F2 /* LastPageTutorialViewController.swift */ = {isa = PBXFileReference; fileEncoding = 4; lastKnownFileType = sourcecode.swift; path = LastPageTutorialViewController.swift; sourceTree = "<group>"; };
		733FAC696FC1D07ED33F757B /* Pods_PeakPerformance.framework */ = {isa = PBXFileReference; explicitFileType = wrapper.framework; includeInIndex = 0; path = Pods_PeakPerformance.framework; sourceTree = BUILT_PRODUCTS_DIR; };
		B50861BE1D4B316900901638 /* Goal.swift */ = {isa = PBXFileReference; fileEncoding = 4; lastKnownFileType = sourcecode.swift; path = Goal.swift; sourceTree = "<group>"; };
		B50861C01D4B359A00901638 /* MonthlyGoal.swift */ = {isa = PBXFileReference; fileEncoding = 4; lastKnownFileType = sourcecode.swift; path = MonthlyGoal.swift; sourceTree = "<group>"; };
		B50861C41D5060C100901638 /* WeeklyGoalDetailViewController.swift */ = {isa = PBXFileReference; fileEncoding = 4; lastKnownFileType = sourcecode.swift; path = WeeklyGoalDetailViewController.swift; sourceTree = "<group>"; };
		B5113CAA1D6C5B8F006AABAD /* SideMenuViewController.swift */ = {isa = PBXFileReference; fileEncoding = 4; lastKnownFileType = sourcecode.swift; path = SideMenuViewController.swift; sourceTree = "<group>"; };
		B51BD7921D7E8611003EA9AC /* HistoryViewController.swift */ = {isa = PBXFileReference; fileEncoding = 4; lastKnownFileType = sourcecode.swift; path = HistoryViewController.swift; sourceTree = "<group>"; };
		B51BD7941D7E8634003EA9AC /* HistoryTableViewCell.swift */ = {isa = PBXFileReference; fileEncoding = 4; lastKnownFileType = sourcecode.swift; path = HistoryTableViewCell.swift; sourceTree = "<group>"; };
		B51BD7961D7E95C4003EA9AC /* MonthlySummary.swift */ = {isa = PBXFileReference; fileEncoding = 4; lastKnownFileType = sourcecode.swift; path = MonthlySummary.swift; sourceTree = "<group>"; };
		B53132A41D7AB0330027F4F4 /* menu-150dpi.png */ = {isa = PBXFileReference; lastKnownFileType = image.png; path = "menu-150dpi.png"; sourceTree = "<group>"; };
		B53132A61D7AB0AE0027F4F4 /* Assets.xcassets */ = {isa = PBXFileReference; lastKnownFileType = folder.assetcatalog; path = Assets.xcassets; sourceTree = "<group>"; };
		B53132A81D7E74670027F4F4 /* MonthlyReviewViewController.swift */ = {isa = PBXFileReference; fileEncoding = 4; lastKnownFileType = sourcecode.swift; path = MonthlyReviewViewController.swift; sourceTree = "<group>"; };
		B53B455A1D3FB85500F20D25 /* DataService.swift */ = {isa = PBXFileReference; fileEncoding = 4; lastKnownFileType = sourcecode.swift; path = DataService.swift; sourceTree = "<group>"; };
		B53B455B1D3FB85500F20D25 /* LoginViewController.swift */ = {isa = PBXFileReference; fileEncoding = 4; lastKnownFileType = sourcecode.swift; path = LoginViewController.swift; sourceTree = "<group>"; };
		B53B455C1D3FB85500F20D25 /* SignUpViewController.swift */ = {isa = PBXFileReference; fileEncoding = 4; lastKnownFileType = sourcecode.swift; path = SignUpViewController.swift; sourceTree = "<group>"; };
		B53B455D1D3FB85500F20D25 /* User.swift */ = {isa = PBXFileReference; fileEncoding = 4; lastKnownFileType = sourcecode.swift; path = User.swift; sourceTree = "<group>"; };
		B53E7EAE1D8BD0CA00CFF4AB /* InitialSetupViewController.swift */ = {isa = PBXFileReference; fileEncoding = 4; lastKnownFileType = sourcecode.swift; path = InitialSetupViewController.swift; sourceTree = "<group>"; };
		B53E7EB01D8BD0DB00CFF4AB /* SecondInitialSetupViewController.swift */ = {isa = PBXFileReference; fileEncoding = 4; lastKnownFileType = sourcecode.swift; path = SecondInitialSetupViewController.swift; sourceTree = "<group>"; };
		B55652571D40DCE900E315A4 /* Constants.swift */ = {isa = PBXFileReference; fileEncoding = 4; lastKnownFileType = sourcecode.swift; path = Constants.swift; sourceTree = "<group>"; };
		B567CE7F1D8BE8BE0033A8A1 /* Summary.swift */ = {isa = PBXFileReference; fileEncoding = 4; lastKnownFileType = sourcecode.swift; path = Summary.swift; sourceTree = "<group>"; };
		B567CE811D8BE91F0033A8A1 /* CurrentRealitySummary.swift */ = {isa = PBXFileReference; fileEncoding = 4; lastKnownFileType = sourcecode.swift; path = CurrentRealitySummary.swift; sourceTree = "<group>"; };
		B569FDFB1D815A230093A827 /* SecondMonthlyReviewViewController.swift */ = {isa = PBXFileReference; fileEncoding = 4; lastKnownFileType = sourcecode.swift; path = SecondMonthlyReviewViewController.swift; sourceTree = "<group>"; };
		B577EAE61D86B6A70039BB76 /* SummaryViewController.swift */ = {isa = PBXFileReference; fileEncoding = 4; lastKnownFileType = sourcecode.swift; path = SummaryViewController.swift; sourceTree = "<group>"; };
		B577EAE81D86BE230039BB76 /* SecondSummaryViewController.swift */ = {isa = PBXFileReference; fileEncoding = 4; lastKnownFileType = sourcecode.swift; path = SecondSummaryViewController.swift; sourceTree = "<group>"; };
		B577EAEA1D86C8B50039BB76 /* SecondSummaryTableViewCell.swift */ = {isa = PBXFileReference; fileEncoding = 4; lastKnownFileType = sourcecode.swift; path = SecondSummaryTableViewCell.swift; sourceTree = "<group>"; };
		B5789A2C1D6839D4000A3EEF /* tutorial-actualreview.jpg */ = {isa = PBXFileReference; lastKnownFileType = image.jpeg; path = "tutorial-actualreview.jpg"; sourceTree = "<group>"; };
		B5789A2E1D6839E2000A3EEF /* splashcreen.jpg */ = {isa = PBXFileReference; lastKnownFileType = image.jpeg; path = splashcreen.jpg; sourceTree = "<group>"; };
		B5789A301D683B70000A3EEF /* doneicon.jpg */ = {isa = PBXFileReference; lastKnownFileType = image.jpeg; path = doneicon.jpg; sourceTree = "<group>"; };
		B5791FF01D5493E00079A9CB /* MIDatePicker.swift */ = {isa = PBXFileReference; fileEncoding = 4; lastKnownFileType = sourcecode.swift; name = MIDatePicker.swift; path = MIDatePicker/MIDatePicker.swift; sourceTree = "<group>"; };
		B5791FF21D5493E50079A9CB /* MIDatePicker.xib */ = {isa = PBXFileReference; fileEncoding = 4; lastKnownFileType = file.xib; name = MIDatePicker.xib; path = MIDatePicker/MIDatePicker.xib; sourceTree = "<group>"; };
		B5791FF51D5496FC0079A9CB /* MonthlyGoalsViewController.swift */ = {isa = PBXFileReference; fileEncoding = 4; lastKnownFileType = sourcecode.swift; path = MonthlyGoalsViewController.swift; sourceTree = "<group>"; };
		B5791FF71D5497140079A9CB /* MonthlyGoalsDetailViewController.swift */ = {isa = PBXFileReference; fileEncoding = 4; lastKnownFileType = sourcecode.swift; path = MonthlyGoalsDetailViewController.swift; sourceTree = "<group>"; };
		B590576E1D945A9100D12D2C /* SettingsViewController.swift */ = {isa = PBXFileReference; fileEncoding = 4; lastKnownFileType = sourcecode.swift; path = SettingsViewController.swift; sourceTree = "<group>"; };
		B59057741D946C7E00D12D2C /* ChangePasswordViewController.swift */ = {isa = PBXFileReference; fileEncoding = 4; lastKnownFileType = sourcecode.swift; path = ChangePasswordViewController.swift; sourceTree = "<group>"; };
		B59C1F411D61E6B6005F18E1 /* DreamCollectionViewCell.swift */ = {isa = PBXFileReference; fileEncoding = 4; lastKnownFileType = sourcecode.swift; path = DreamCollectionViewCell.swift; sourceTree = "<group>"; };
		B59C1F421D61E6B6005F18E1 /* DreamCollectionViewController.swift */ = {isa = PBXFileReference; fileEncoding = 4; lastKnownFileType = sourcecode.swift; path = DreamCollectionViewController.swift; sourceTree = "<group>"; };
		B59C1F431D61E6B6005F18E1 /* DreamDetailViewController.swift */ = {isa = PBXFileReference; fileEncoding = 4; lastKnownFileType = sourcecode.swift; path = DreamDetailViewController.swift; sourceTree = "<group>"; };
		B59EC42F1D3FB45C00AF1297 /* PeakPerformance.app */ = {isa = PBXFileReference; explicitFileType = wrapper.application; includeInIndex = 0; path = PeakPerformance.app; sourceTree = BUILT_PRODUCTS_DIR; };
		B59EC4321D3FB45C00AF1297 /* AppDelegate.swift */ = {isa = PBXFileReference; lastKnownFileType = sourcecode.swift; path = AppDelegate.swift; sourceTree = "<group>"; };
		B59EC4371D3FB45C00AF1297 /* Base */ = {isa = PBXFileReference; lastKnownFileType = file.storyboard; name = Base; path = Base.lproj/Main.storyboard; sourceTree = "<group>"; };
		B59EC43C1D3FB45C00AF1297 /* Base */ = {isa = PBXFileReference; lastKnownFileType = file.storyboard; name = Base; path = Base.lproj/LaunchScreen.storyboard; sourceTree = "<group>"; };
		B59EC43E1D3FB45C00AF1297 /* Info.plist */ = {isa = PBXFileReference; lastKnownFileType = text.plist.xml; path = Info.plist; sourceTree = "<group>"; };
		B59EC4431D3FB45C00AF1297 /* PeakPerformanceTests.xctest */ = {isa = PBXFileReference; explicitFileType = wrapper.cfbundle; includeInIndex = 0; path = PeakPerformanceTests.xctest; sourceTree = BUILT_PRODUCTS_DIR; };
		B59EC4471D3FB45C00AF1297 /* PeakPerformanceTests.swift */ = {isa = PBXFileReference; lastKnownFileType = sourcecode.swift; path = PeakPerformanceTests.swift; sourceTree = "<group>"; };
		B59EC4491D3FB45C00AF1297 /* Info.plist */ = {isa = PBXFileReference; lastKnownFileType = text.plist.xml; path = Info.plist; sourceTree = "<group>"; };
		B59EC44E1D3FB45C00AF1297 /* PeakPerformanceUITests.xctest */ = {isa = PBXFileReference; explicitFileType = wrapper.cfbundle; includeInIndex = 0; path = PeakPerformanceUITests.xctest; sourceTree = BUILT_PRODUCTS_DIR; };
		B59EC4521D3FB45C00AF1297 /* PeakPerformanceUITests.swift */ = {isa = PBXFileReference; lastKnownFileType = sourcecode.swift; path = PeakPerformanceUITests.swift; sourceTree = "<group>"; };
		B59EC4541D3FB45C00AF1297 /* Info.plist */ = {isa = PBXFileReference; lastKnownFileType = text.plist.xml; path = Info.plist; sourceTree = "<group>"; };
		B59EC4601D3FB50C00AF1297 /* GoogleService-Info.plist */ = {isa = PBXFileReference; fileEncoding = 4; lastKnownFileType = text.plist.xml; path = "GoogleService-Info.plist"; sourceTree = "<group>"; };
		B5A59C5F1D59BA1C00AFC6AB /* ResetPasswordViewController.swift */ = {isa = PBXFileReference; fileEncoding = 4; lastKnownFileType = sourcecode.swift; path = ResetPasswordViewController.swift; sourceTree = "<group>"; };
		B5AC10D41D61EE6D00996C47 /* congratulations-page.jpg */ = {isa = PBXFileReference; lastKnownFileType = image.jpeg; path = "congratulations-page.jpg"; sourceTree = "<group>"; };
		B5B46A8B1D66D5CB00FFA4F8 /* GoalTableViewCell.swift */ = {isa = PBXFileReference; fileEncoding = 4; lastKnownFileType = sourcecode.swift; path = GoalTableViewCell.swift; sourceTree = "<group>"; };
		B5B8D2C21D43465F0072E50A /* TabBarViewController.swift */ = {isa = PBXFileReference; fileEncoding = 4; lastKnownFileType = sourcecode.swift; path = TabBarViewController.swift; sourceTree = "<group>"; };
		B5B8D2CA1D44D9270072E50A /* WeeklyGoalsViewController.swift */ = {isa = PBXFileReference; fileEncoding = 4; lastKnownFileType = sourcecode.swift; path = WeeklyGoalsViewController.swift; sourceTree = "<group>"; };
		B5B8D2CC1D44E34D0072E50A /* WeeklyGoal.swift */ = {isa = PBXFileReference; fileEncoding = 4; lastKnownFileType = sourcecode.swift; path = WeeklyGoal.swift; sourceTree = "<group>"; };
		B5D74D681D6857060026EF07 /* MonthlyGoalTableViewCell.swift */ = {isa = PBXFileReference; fileEncoding = 4; lastKnownFileType = sourcecode.swift; path = MonthlyGoalTableViewCell.swift; sourceTree = "<group>"; };
		B5F32ACF1D74B50300B83B1E /* StorageService.swift */ = {isa = PBXFileReference; fileEncoding = 4; lastKnownFileType = sourcecode.swift; path = StorageService.swift; sourceTree = "<group>"; };
		B5F32AD11D74C5E900B83B1E /* business-cat.jpg */ = {isa = PBXFileReference; lastKnownFileType = image.jpeg; path = "business-cat.jpg"; sourceTree = "<group>"; };
/* End PBXFileReference section */

/* Begin PBXFrameworksBuildPhase section */
		B59EC42C1D3FB45C00AF1297 /* Frameworks */ = {
			isa = PBXFrameworksBuildPhase;
			buildActionMask = 2147483647;
			files = (
				3A45B58978882C650823EE39 /* Pods_PeakPerformance.framework in Frameworks */,
			);
			runOnlyForDeploymentPostprocessing = 0;
		};
		B59EC4401D3FB45C00AF1297 /* Frameworks */ = {
			isa = PBXFrameworksBuildPhase;
			buildActionMask = 2147483647;
			files = (
			);
			runOnlyForDeploymentPostprocessing = 0;
		};
		B59EC44B1D3FB45C00AF1297 /* Frameworks */ = {
			isa = PBXFrameworksBuildPhase;
			buildActionMask = 2147483647;
			files = (
			);
			runOnlyForDeploymentPostprocessing = 0;
		};
/* End PBXFrameworksBuildPhase section */

/* Begin PBXGroup section */
		14EBC81FE5DA50BB750EDA8A /* Pods */ = {
			isa = PBXGroup;
			children = (
				300B342D95480D2EB8714615 /* Pods-PeakPerformance.debug.xcconfig */,
				1F46C5B205D65FAB57EACF14 /* Pods-PeakPerformance.release.xcconfig */,
			);
			name = Pods;
			sourceTree = "<group>";
		};
		446C6FA41D93F8600094FA55 /* DreamTab */ = {
			isa = PBXGroup;
			children = (
				B59C1F411D61E6B6005F18E1 /* DreamCollectionViewCell.swift */,
				B59C1F421D61E6B6005F18E1 /* DreamCollectionViewController.swift */,
				B59C1F431D61E6B6005F18E1 /* DreamDetailViewController.swift */,
			);
			name = DreamTab;
			sourceTree = "<group>";
		};
		446C6FA51D93F87A0094FA55 /* WeeklyTab */ = {
			isa = PBXGroup;
			children = (
				B5B8D2CA1D44D9270072E50A /* WeeklyGoalsViewController.swift */,
				B50861C41D5060C100901638 /* WeeklyGoalDetailViewController.swift */,
				B5B46A8B1D66D5CB00FFA4F8 /* GoalTableViewCell.swift */,
			);
			name = WeeklyTab;
			sourceTree = "<group>";
		};
		446C6FA61D93F8A90094FA55 /* MonthlyTab */ = {
			isa = PBXGroup;
			children = (
				B5791FF51D5496FC0079A9CB /* MonthlyGoalsViewController.swift */,
				B5791FF71D5497140079A9CB /* MonthlyGoalsDetailViewController.swift */,
				B5D74D681D6857060026EF07 /* MonthlyGoalTableViewCell.swift */,
			);
			name = MonthlyTab;
			sourceTree = "<group>";
		};
		446C6FA71D93F8BF0094FA55 /* HistoryTab */ = {
			isa = PBXGroup;
			children = (
				B577EAE61D86B6A70039BB76 /* SummaryViewController.swift */,
				B577EAE81D86BE230039BB76 /* SecondSummaryViewController.swift */,
				B577EAEA1D86C8B50039BB76 /* SecondSummaryTableViewCell.swift */,
				B51BD7921D7E8611003EA9AC /* HistoryViewController.swift */,
				B51BD7941D7E8634003EA9AC /* HistoryTableViewCell.swift */,
			);
			name = HistoryTab;
			sourceTree = "<group>";
		};
		446C6FA81D93F8D50094FA55 /* MyValuesTab */ = {
			isa = PBXGroup;
			children = (
				44A8EEBD1D783641001FB50D /* MyValuesTableViewController.swift */,
			);
			name = MyValuesTab;
			sourceTree = "<group>";
		};
		446C6FA91D93F8EC0094FA55 /* Tutorial-InititalSetup */ = {
			isa = PBXGroup;
			children = (
				B53E7EAE1D8BD0CA00CFF4AB /* InitialSetupViewController.swift */,
				B53E7EB01D8BD0DB00CFF4AB /* SecondInitialSetupViewController.swift */,
				444447031D588F520029E3C6 /* TutorialViewController.swift */,
				44558EC61D59981C00F978D0 /* GreetingViewController.swift */,
				44E65A9A1D59EE1D008442F2 /* LastPageTutorialViewController.swift */,
			);
			name = "Tutorial-InititalSetup";
			sourceTree = "<group>";
		};
		446C6FAA1D93F9080094FA55 /* MonthlyReview */ = {
			isa = PBXGroup;
			children = (
				B53132A81D7E74670027F4F4 /* MonthlyReviewViewController.swift */,
				B569FDFB1D815A230093A827 /* SecondMonthlyReviewViewController.swift */,
			);
			name = MonthlyReview;
			sourceTree = "<group>";
		};
		446C6FAB1D93F9480094FA55 /* Login-Signup */ = {
			isa = PBXGroup;
			children = (
				B53B455B1D3FB85500F20D25 /* LoginViewController.swift */,
				B53B455C1D3FB85500F20D25 /* SignUpViewController.swift */,
				B5A59C5F1D59BA1C00AFC6AB /* ResetPasswordViewController.swift */,
			);
			name = "Login-Signup";
			sourceTree = "<group>";
		};
		449618031D7D500A00AD8C25 /* CustomizableUI */ = {
			isa = PBXGroup;
			children = (
				449D802B1D88570D00C0138A /* ENMBadgedBarButtonItem.swift */,
				449618041D7D503100AD8C25 /* customizableTextView.swift */,
				446C6FA21D93F41D0094FA55 /* CustomizableLabel.swift */,
			);
			name = CustomizableUI;
			sourceTree = "<group>";
		};
		44ED0A231D44E52100EEE743 /* images */ = {
			isa = PBXGroup;
			children = (
				B5F32AD11D74C5E900B83B1E /* business-cat.jpg */,
				B5789A301D683B70000A3EEF /* doneicon.jpg */,
				B5789A2E1D6839E2000A3EEF /* splashcreen.jpg */,
				B5789A2C1D6839D4000A3EEF /* tutorial-actualreview.jpg */,
				B5AC10D41D61EE6D00996C47 /* congratulations-page.jpg */,
				446379B41D56089900BAE5B2 /* ES.png */,
				446379B51D56089900BAE5B2 /* F.png */,
				446379B61D56089900BAE5B2 /* FI.png */,
				446379B71D56089900BAE5B2 /* FR.png */,
				446379B81D56089900BAE5B2 /* H.png */,
				B53132A41D7AB0330027F4F4 /* menu-150dpi.png */,
				446379B91D56089900BAE5B2 /* P.png */,
				446379BA1D56089900BAE5B2 /* PD.png */,
				446379BB1D56089900BAE5B2 /* W.png */,
				4427EFF11D4CEE3A005458DB /* my-values-icon-25x25.png */,
				44AA95E31D597C9E0020FBAF /* tutorial-execute.jpg */,
				44AA95E41D597C9E0020FBAF /* tutorial-kick.jpg */,
				44AA95E51D597C9E0020FBAF /* tutorial-preparation.jpg */,
				446379A01D55968300BAE5B2 /* login_background.jpg */,
				4427EFE71D4CD57B005458DB /* menu icon_25x17.png */,
				4484A3BC1D49D31800650D6B /* weekly-icon_25x25.png */,
				4427EFE91D4CED13005458DB /* dream-list-icon-25x25.png */,
				4427EFEF1D4CED67005458DB /* history-icon.png */,
				4427EFED1D4CED39005458DB /* monthly-icon-25x25.png */,
			);
			name = images;
			sourceTree = "<group>";
		};
		96DE1C1129CFEE0CC83AA1C9 /* Frameworks */ = {
			isa = PBXGroup;
			children = (
				733FAC696FC1D07ED33F757B /* Pods_PeakPerformance.framework */,
			);
			name = Frameworks;
			sourceTree = "<group>";
		};
		B53B454E1D3FB78700F20D25 /* ViewControllers */ = {
			isa = PBXGroup;
			children = (
				B59057761D94809200D12D2C /* Settings */,
				446C6FAB1D93F9480094FA55 /* Login-Signup */,
				446C6FAA1D93F9080094FA55 /* MonthlyReview */,
				446C6FA41D93F8600094FA55 /* DreamTab */,
				446C6FA91D93F8EC0094FA55 /* Tutorial-InititalSetup */,
				446C6FA81D93F8D50094FA55 /* MyValuesTab */,
				446C6FA71D93F8BF0094FA55 /* HistoryTab */,
				446C6FA61D93F8A90094FA55 /* MonthlyTab */,
				446C6FA51D93F87A0094FA55 /* WeeklyTab */,
				B5B8D2C21D43465F0072E50A /* TabBarViewController.swift */,
				B5113CAA1D6C5B8F006AABAD /* SideMenuViewController.swift */,
			);
			name = ViewControllers;
			sourceTree = "<group>";
		};
		B53B454F1D3FB78F00F20D25 /* Models */ = {
			isa = PBXGroup;
			children = (
				B53B455D1D3FB85500F20D25 /* User.swift */,
				B5B8D2CC1D44E34D0072E50A /* WeeklyGoal.swift */,
				B50861BE1D4B316900901638 /* Goal.swift */,
				B50861C01D4B359A00901638 /* MonthlyGoal.swift */,
				32D794EA1D61D5A600134D01 /* Dream.swift */,
				B51BD7961D7E95C4003EA9AC /* MonthlySummary.swift */,
				B567CE7F1D8BE8BE0033A8A1 /* Summary.swift */,
				B567CE811D8BE91F0033A8A1 /* CurrentRealitySummary.swift */,
			);
			name = Models;
			sourceTree = "<group>";
		};
		B5791FF41D5493EF0079A9CB /* DatePicker */ = {
			isa = PBXGroup;
			children = (
				B5791FF01D5493E00079A9CB /* MIDatePicker.swift */,
				B5791FF21D5493E50079A9CB /* MIDatePicker.xib */,
			);
			name = DatePicker;
			sourceTree = "<group>";
		};
		B59057761D94809200D12D2C /* Settings */ = {
			isa = PBXGroup;
			children = (
				B590576E1D945A9100D12D2C /* SettingsViewController.swift */,
				B59057741D946C7E00D12D2C /* ChangePasswordViewController.swift */,
			);
			name = Settings;
			sourceTree = "<group>";
		};
		B59EC4261D3FB45C00AF1297 = {
			isa = PBXGroup;
			children = (
				B59EC4311D3FB45C00AF1297 /* PeakPerformance */,
				B59EC4461D3FB45C00AF1297 /* PeakPerformanceTests */,
				B59EC4511D3FB45C00AF1297 /* PeakPerformanceUITests */,
				B59EC4301D3FB45C00AF1297 /* Products */,
				14EBC81FE5DA50BB750EDA8A /* Pods */,
				96DE1C1129CFEE0CC83AA1C9 /* Frameworks */,
			);
			sourceTree = "<group>";
		};
		B59EC4301D3FB45C00AF1297 /* Products */ = {
			isa = PBXGroup;
			children = (
				B59EC42F1D3FB45C00AF1297 /* PeakPerformance.app */,
				B59EC4431D3FB45C00AF1297 /* PeakPerformanceTests.xctest */,
				B59EC44E1D3FB45C00AF1297 /* PeakPerformanceUITests.xctest */,
			);
			name = Products;
			sourceTree = "<group>";
		};
		B59EC4311D3FB45C00AF1297 /* PeakPerformance */ = {
			isa = PBXGroup;
			children = (
				B59EC4361D3FB45C00AF1297 /* Main.storyboard */,
				B53B454E1D3FB78700F20D25 /* ViewControllers */,
				B53B454F1D3FB78F00F20D25 /* Models */,
				B55652571D40DCE900E315A4 /* Constants.swift */,
				44D88C091D895B7E00F7C827 /* Extensions.swift */,
				B5F32ACF1D74B50300B83B1E /* StorageService.swift */,
				B53B455A1D3FB85500F20D25 /* DataService.swift */,
				B59EC4321D3FB45C00AF1297 /* AppDelegate.swift */,
				44ED0A231D44E52100EEE743 /* images */,
				B53132A61D7AB0AE0027F4F4 /* Assets.xcassets */,
				B59EC4601D3FB50C00AF1297 /* GoogleService-Info.plist */,
				B59EC43E1D3FB45C00AF1297 /* Info.plist */,
				B59EC43B1D3FB45C00AF1297 /* LaunchScreen.storyboard */,
				B5791FF41D5493EF0079A9CB /* DatePicker */,
				44DD923E1D520F8C00BD312D /* MIDatePicker */,
				449618031D7D500A00AD8C25 /* CustomizableUI */,
			);
			path = PeakPerformance;
			sourceTree = "<group>";
		};
		B59EC4461D3FB45C00AF1297 /* PeakPerformanceTests */ = {
			isa = PBXGroup;
			children = (
				B59EC4471D3FB45C00AF1297 /* PeakPerformanceTests.swift */,
				B59EC4491D3FB45C00AF1297 /* Info.plist */,
			);
			path = PeakPerformanceTests;
			sourceTree = "<group>";
		};
		B59EC4511D3FB45C00AF1297 /* PeakPerformanceUITests */ = {
			isa = PBXGroup;
			children = (
				B59EC4521D3FB45C00AF1297 /* PeakPerformanceUITests.swift */,
				B59EC4541D3FB45C00AF1297 /* Info.plist */,
			);
			path = PeakPerformanceUITests;
			sourceTree = "<group>";
		};
/* End PBXGroup section */

/* Begin PBXNativeTarget section */
		B59EC42E1D3FB45C00AF1297 /* PeakPerformance */ = {
			isa = PBXNativeTarget;
			buildConfigurationList = B59EC4571D3FB45C00AF1297 /* Build configuration list for PBXNativeTarget "PeakPerformance" */;
			buildPhases = (
				FE37912E28316CED7A2DE53E /* [CP] Check Pods Manifest.lock */,
				B59EC42B1D3FB45C00AF1297 /* Sources */,
				B59EC42C1D3FB45C00AF1297 /* Frameworks */,
				B59EC42D1D3FB45C00AF1297 /* Resources */,
				C81F536572CBE575810D38AC /* [CP] Embed Pods Frameworks */,
				18F1B469A8521A7AC8E2D017 /* [CP] Copy Pods Resources */,
			);
			buildRules = (
			);
			dependencies = (
			);
			name = PeakPerformance;
			productName = PeakPerformance;
			productReference = B59EC42F1D3FB45C00AF1297 /* PeakPerformance.app */;
			productType = "com.apple.product-type.application";
		};
		B59EC4421D3FB45C00AF1297 /* PeakPerformanceTests */ = {
			isa = PBXNativeTarget;
			buildConfigurationList = B59EC45A1D3FB45C00AF1297 /* Build configuration list for PBXNativeTarget "PeakPerformanceTests" */;
			buildPhases = (
				B59EC43F1D3FB45C00AF1297 /* Sources */,
				B59EC4401D3FB45C00AF1297 /* Frameworks */,
				B59EC4411D3FB45C00AF1297 /* Resources */,
			);
			buildRules = (
			);
			dependencies = (
				B59EC4451D3FB45C00AF1297 /* PBXTargetDependency */,
			);
			name = PeakPerformanceTests;
			productName = PeakPerformanceTests;
			productReference = B59EC4431D3FB45C00AF1297 /* PeakPerformanceTests.xctest */;
			productType = "com.apple.product-type.bundle.unit-test";
		};
		B59EC44D1D3FB45C00AF1297 /* PeakPerformanceUITests */ = {
			isa = PBXNativeTarget;
			buildConfigurationList = B59EC45D1D3FB45C00AF1297 /* Build configuration list for PBXNativeTarget "PeakPerformanceUITests" */;
			buildPhases = (
				B59EC44A1D3FB45C00AF1297 /* Sources */,
				B59EC44B1D3FB45C00AF1297 /* Frameworks */,
				B59EC44C1D3FB45C00AF1297 /* Resources */,
			);
			buildRules = (
			);
			dependencies = (
				B59EC4501D3FB45C00AF1297 /* PBXTargetDependency */,
			);
			name = PeakPerformanceUITests;
			productName = PeakPerformanceUITests;
			productReference = B59EC44E1D3FB45C00AF1297 /* PeakPerformanceUITests.xctest */;
			productType = "com.apple.product-type.bundle.ui-testing";
		};
/* End PBXNativeTarget section */

/* Begin PBXProject section */
		B59EC4271D3FB45C00AF1297 /* Project object */ = {
			isa = PBXProject;
			attributes = {
				LastSwiftUpdateCheck = 0720;
				LastUpgradeCheck = 0720;
				ORGANIZATIONNAME = derridale;
				TargetAttributes = {
					B59EC42E1D3FB45C00AF1297 = {
						CreatedOnToolsVersion = 7.2.1;
						DevelopmentTeam = J9BYVMP3N7;
					};
					B59EC4421D3FB45C00AF1297 = {
						CreatedOnToolsVersion = 7.2.1;
						TestTargetID = B59EC42E1D3FB45C00AF1297;
					};
					B59EC44D1D3FB45C00AF1297 = {
						CreatedOnToolsVersion = 7.2.1;
						TestTargetID = B59EC42E1D3FB45C00AF1297;
					};
				};
			};
			buildConfigurationList = B59EC42A1D3FB45C00AF1297 /* Build configuration list for PBXProject "PeakPerformance" */;
			compatibilityVersion = "Xcode 3.2";
			developmentRegion = English;
			hasScannedForEncodings = 0;
			knownRegions = (
				en,
				Base,
			);
			mainGroup = B59EC4261D3FB45C00AF1297;
			productRefGroup = B59EC4301D3FB45C00AF1297 /* Products */;
			projectDirPath = "";
			projectRoot = "";
			targets = (
				B59EC42E1D3FB45C00AF1297 /* PeakPerformance */,
				B59EC4421D3FB45C00AF1297 /* PeakPerformanceTests */,
				B59EC44D1D3FB45C00AF1297 /* PeakPerformanceUITests */,
			);
		};
/* End PBXProject section */

/* Begin PBXResourcesBuildPhase section */
		B59EC42D1D3FB45C00AF1297 /* Resources */ = {
			isa = PBXResourcesBuildPhase;
			buildActionMask = 2147483647;
			files = (
				4484A3BD1D49D31800650D6B /* weekly-icon_25x25.png in Resources */,
				446379C21D56089900BAE5B2 /* PD.png in Resources */,
				44AA95E81D597C9E0020FBAF /* tutorial-kick.jpg in Resources */,
				446379BF1D56089900BAE5B2 /* FR.png in Resources */,
				446379C01D56089900BAE5B2 /* H.png in Resources */,
				446379BE1D56089900BAE5B2 /* FI.png in Resources */,
				B59EC43D1D3FB45C00AF1297 /* LaunchScreen.storyboard in Resources */,
				44AA95E71D597C9E0020FBAF /* tutorial-execute.jpg in Resources */,
				B5AC10D51D61EE6D00996C47 /* congratulations-page.jpg in Resources */,
				44AA95E91D597C9E0020FBAF /* tutorial-preparation.jpg in Resources */,
				B5791FF31D5493E50079A9CB /* MIDatePicker.xib in Resources */,
				446379BC1D56089900BAE5B2 /* ES.png in Resources */,
				4427EFE81D4CD57B005458DB /* menu icon_25x17.png in Resources */,
				B5789A2F1D6839E2000A3EEF /* splashcreen.jpg in Resources */,
				446379C31D56089900BAE5B2 /* W.png in Resources */,
				B59EC4381D3FB45C00AF1297 /* Main.storyboard in Resources */,
				44DD923F1D520F8C00BD312D /* MIDatePicker in Resources */,
				B53132A51D7AB0330027F4F4 /* menu-150dpi.png in Resources */,
				446379C11D56089900BAE5B2 /* P.png in Resources */,
				4427EFEE1D4CED39005458DB /* monthly-icon-25x25.png in Resources */,
				446379A11D55968300BAE5B2 /* login_background.jpg in Resources */,
				B59EC4611D3FB50C00AF1297 /* GoogleService-Info.plist in Resources */,
				B5F32AD21D74C5E900B83B1E /* business-cat.jpg in Resources */,
				4427EFEA1D4CED13005458DB /* dream-list-icon-25x25.png in Resources */,
				B53132A71D7AB0AE0027F4F4 /* Assets.xcassets in Resources */,
				4427EFF01D4CED67005458DB /* history-icon.png in Resources */,
				B5789A311D683B70000A3EEF /* doneicon.jpg in Resources */,
				446379BD1D56089900BAE5B2 /* F.png in Resources */,
				4427EFF21D4CEE3A005458DB /* my-values-icon-25x25.png in Resources */,
				B5789A2D1D6839D4000A3EEF /* tutorial-actualreview.jpg in Resources */,
			);
			runOnlyForDeploymentPostprocessing = 0;
		};
		B59EC4411D3FB45C00AF1297 /* Resources */ = {
			isa = PBXResourcesBuildPhase;
			buildActionMask = 2147483647;
			files = (
			);
			runOnlyForDeploymentPostprocessing = 0;
		};
		B59EC44C1D3FB45C00AF1297 /* Resources */ = {
			isa = PBXResourcesBuildPhase;
			buildActionMask = 2147483647;
			files = (
			);
			runOnlyForDeploymentPostprocessing = 0;
		};
/* End PBXResourcesBuildPhase section */

/* Begin PBXShellScriptBuildPhase section */
		18F1B469A8521A7AC8E2D017 /* [CP] Copy Pods Resources */ = {
			isa = PBXShellScriptBuildPhase;
			buildActionMask = 2147483647;
			files = (
			);
			inputPaths = (
			);
			name = "[CP] Copy Pods Resources";
			outputPaths = (
			);
			runOnlyForDeploymentPostprocessing = 0;
			shellPath = /bin/sh;
			shellScript = "\"${SRCROOT}/Pods/Target Support Files/Pods-PeakPerformance/Pods-PeakPerformance-resources.sh\"\n";
			showEnvVarsInLog = 0;
		};
		C81F536572CBE575810D38AC /* [CP] Embed Pods Frameworks */ = {
			isa = PBXShellScriptBuildPhase;
			buildActionMask = 2147483647;
			files = (
			);
			inputPaths = (
			);
			name = "[CP] Embed Pods Frameworks";
			outputPaths = (
			);
			runOnlyForDeploymentPostprocessing = 0;
			shellPath = /bin/sh;
			shellScript = "\"${SRCROOT}/Pods/Target Support Files/Pods-PeakPerformance/Pods-PeakPerformance-frameworks.sh\"\n";
			showEnvVarsInLog = 0;
		};
		FE37912E28316CED7A2DE53E /* [CP] Check Pods Manifest.lock */ = {
			isa = PBXShellScriptBuildPhase;
			buildActionMask = 2147483647;
			files = (
			);
			inputPaths = (
			);
			name = "[CP] Check Pods Manifest.lock";
			outputPaths = (
			);
			runOnlyForDeploymentPostprocessing = 0;
			shellPath = /bin/sh;
			shellScript = "diff \"${PODS_ROOT}/../Podfile.lock\" \"${PODS_ROOT}/Manifest.lock\" > /dev/null\nif [[ $? != 0 ]] ; then\n    cat << EOM\nerror: The sandbox is not in sync with the Podfile.lock. Run 'pod install' or update your CocoaPods installation.\nEOM\n    exit 1\nfi\n";
			showEnvVarsInLog = 0;
		};
/* End PBXShellScriptBuildPhase section */

/* Begin PBXSourcesBuildPhase section */
		B59EC42B1D3FB45C00AF1297 /* Sources */ = {
			isa = PBXSourcesBuildPhase;
			buildActionMask = 2147483647;
			files = (
				B577EAE91D86BE230039BB76 /* SecondSummaryViewController.swift in Sources */,
				B5B8D2CB1D44D9270072E50A /* WeeklyGoalsViewController.swift in Sources */,
				B53B455F1D3FB85500F20D25 /* LoginViewController.swift in Sources */,
				B59EC4331D3FB45C00AF1297 /* AppDelegate.swift in Sources */,
				449618051D7D503100AD8C25 /* customizableTextView.swift in Sources */,
				B53B45601D3FB85500F20D25 /* SignUpViewController.swift in Sources */,
				B53E7EB11D8BD0DB00CFF4AB /* SecondInitialSetupViewController.swift in Sources */,
				B59C1F461D61E6B6005F18E1 /* DreamDetailViewController.swift in Sources */,
				B590576F1D945A9100D12D2C /* SettingsViewController.swift in Sources */,
				B577EAEB1D86C8B50039BB76 /* SecondSummaryTableViewCell.swift in Sources */,
				449D802C1D88570D00C0138A /* ENMBadgedBarButtonItem.swift in Sources */,
				44A8EEBE1D783641001FB50D /* MyValuesTableViewController.swift in Sources */,
				B5B8D2CD1D44E34D0072E50A /* WeeklyGoal.swift in Sources */,
				44D88C0A1D895B7E00F7C827 /* Extensions.swift in Sources */,
				B53132A91D7E74670027F4F4 /* MonthlyReviewViewController.swift in Sources */,
				B50861C51D5060C100901638 /* WeeklyGoalDetailViewController.swift in Sources */,
				B51BD7971D7E95C4003EA9AC /* MonthlySummary.swift in Sources */,
				B53B45611D3FB85500F20D25 /* User.swift in Sources */,
				32D794EB1D61D5A600134D01 /* Dream.swift in Sources */,
				B567CE821D8BE91F0033A8A1 /* CurrentRealitySummary.swift in Sources */,
				B5791FF11D5493E00079A9CB /* MIDatePicker.swift in Sources */,
				446C6FA31D93F41D0094FA55 /* CustomizableLabel.swift in Sources */,
				44558EC71D59981C00F978D0 /* GreetingViewController.swift in Sources */,
				B5A59C601D59BA1C00AFC6AB /* ResetPasswordViewController.swift in Sources */,
				B5791FF61D5496FC0079A9CB /* MonthlyGoalsViewController.swift in Sources */,
				B5F32AD01D74B50300B83B1E /* StorageService.swift in Sources */,
				B5B8D2C31D43465F0072E50A /* TabBarViewController.swift in Sources */,
				444447041D588F520029E3C6 /* TutorialViewController.swift in Sources */,
				B577EAE71D86B6A70039BB76 /* SummaryViewController.swift in Sources */,
				B569FDFC1D815A230093A827 /* SecondMonthlyReviewViewController.swift in Sources */,
				B5B46A8C1D66D5CB00FFA4F8 /* GoalTableViewCell.swift in Sources */,
				B5113CAB1D6C5B8F006AABAD /* SideMenuViewController.swift in Sources */,
				B59C1F451D61E6B6005F18E1 /* DreamCollectionViewController.swift in Sources */,
				B59C1F441D61E6B6005F18E1 /* DreamCollectionViewCell.swift in Sources */,
				B53B455E1D3FB85500F20D25 /* DataService.swift in Sources */,
				B51BD7951D7E8634003EA9AC /* HistoryTableViewCell.swift in Sources */,
				B50861C11D4B359A00901638 /* MonthlyGoal.swift in Sources */,
				B567CE801D8BE8BE0033A8A1 /* Summary.swift in Sources */,
				B51BD7931D7E8611003EA9AC /* HistoryViewController.swift in Sources */,
				B50861BF1D4B316900901638 /* Goal.swift in Sources */,
				B55652581D40DCE900E315A4 /* Constants.swift in Sources */,
				B5D74D691D6857060026EF07 /* MonthlyGoalTableViewCell.swift in Sources */,
				B5791FF81D5497140079A9CB /* MonthlyGoalsDetailViewController.swift in Sources */,
				44E65A9B1D59EE1D008442F2 /* LastPageTutorialViewController.swift in Sources */,
				B53E7EAF1D8BD0CA00CFF4AB /* InitialSetupViewController.swift in Sources */,
				B59057751D946C7E00D12D2C /* ChangePasswordViewController.swift in Sources */,
			);
			runOnlyForDeploymentPostprocessing = 0;
		};
		B59EC43F1D3FB45C00AF1297 /* Sources */ = {
			isa = PBXSourcesBuildPhase;
			buildActionMask = 2147483647;
			files = (
				B59EC4481D3FB45C00AF1297 /* PeakPerformanceTests.swift in Sources */,
			);
			runOnlyForDeploymentPostprocessing = 0;
		};
		B59EC44A1D3FB45C00AF1297 /* Sources */ = {
			isa = PBXSourcesBuildPhase;
			buildActionMask = 2147483647;
			files = (
				B59EC4531D3FB45C00AF1297 /* PeakPerformanceUITests.swift in Sources */,
			);
			runOnlyForDeploymentPostprocessing = 0;
		};
/* End PBXSourcesBuildPhase section */

/* Begin PBXTargetDependency section */
		B59EC4451D3FB45C00AF1297 /* PBXTargetDependency */ = {
			isa = PBXTargetDependency;
			target = B59EC42E1D3FB45C00AF1297 /* PeakPerformance */;
			targetProxy = B59EC4441D3FB45C00AF1297 /* PBXContainerItemProxy */;
		};
		B59EC4501D3FB45C00AF1297 /* PBXTargetDependency */ = {
			isa = PBXTargetDependency;
			target = B59EC42E1D3FB45C00AF1297 /* PeakPerformance */;
			targetProxy = B59EC44F1D3FB45C00AF1297 /* PBXContainerItemProxy */;
		};
/* End PBXTargetDependency section */

/* Begin PBXVariantGroup section */
		B59EC4361D3FB45C00AF1297 /* Main.storyboard */ = {
			isa = PBXVariantGroup;
			children = (
				B59EC4371D3FB45C00AF1297 /* Base */,
			);
			name = Main.storyboard;
			sourceTree = "<group>";
		};
		B59EC43B1D3FB45C00AF1297 /* LaunchScreen.storyboard */ = {
			isa = PBXVariantGroup;
			children = (
				B59EC43C1D3FB45C00AF1297 /* Base */,
			);
			name = LaunchScreen.storyboard;
			sourceTree = "<group>";
		};
/* End PBXVariantGroup section */

/* Begin XCBuildConfiguration section */
		B59EC4551D3FB45C00AF1297 /* Debug */ = {
			isa = XCBuildConfiguration;
			buildSettings = {
				ALWAYS_SEARCH_USER_PATHS = NO;
				CLANG_CXX_LANGUAGE_STANDARD = "gnu++0x";
				CLANG_CXX_LIBRARY = "libc++";
				CLANG_ENABLE_MODULES = YES;
				CLANG_ENABLE_OBJC_ARC = YES;
				CLANG_WARN_BOOL_CONVERSION = YES;
				CLANG_WARN_CONSTANT_CONVERSION = YES;
				CLANG_WARN_DIRECT_OBJC_ISA_USAGE = YES_ERROR;
				CLANG_WARN_EMPTY_BODY = YES;
				CLANG_WARN_ENUM_CONVERSION = YES;
				CLANG_WARN_INT_CONVERSION = YES;
				CLANG_WARN_OBJC_ROOT_CLASS = YES_ERROR;
				CLANG_WARN_UNREACHABLE_CODE = YES;
				CLANG_WARN__DUPLICATE_METHOD_MATCH = YES;
				"CODE_SIGN_IDENTITY[sdk=iphoneos*]" = "iPhone Developer";
				COPY_PHASE_STRIP = NO;
				DEBUG_INFORMATION_FORMAT = dwarf;
				ENABLE_STRICT_OBJC_MSGSEND = YES;
				ENABLE_TESTABILITY = YES;
				GCC_C_LANGUAGE_STANDARD = gnu99;
				GCC_DYNAMIC_NO_PIC = NO;
				GCC_NO_COMMON_BLOCKS = YES;
				GCC_OPTIMIZATION_LEVEL = 0;
				GCC_PREPROCESSOR_DEFINITIONS = (
					"DEBUG=1",
					"$(inherited)",
				);
				GCC_WARN_64_TO_32_BIT_CONVERSION = YES;
				GCC_WARN_ABOUT_RETURN_TYPE = YES_ERROR;
				GCC_WARN_UNDECLARED_SELECTOR = YES;
				GCC_WARN_UNINITIALIZED_AUTOS = YES_AGGRESSIVE;
				GCC_WARN_UNUSED_FUNCTION = YES;
				GCC_WARN_UNUSED_VARIABLE = YES;
				IPHONEOS_DEPLOYMENT_TARGET = 9.2;
				MTL_ENABLE_DEBUG_INFO = YES;
				ONLY_ACTIVE_ARCH = YES;
				SDKROOT = iphoneos;
				SWIFT_OPTIMIZATION_LEVEL = "-Onone";
				TARGETED_DEVICE_FAMILY = "1,2";
			};
			name = Debug;
		};
		B59EC4561D3FB45C00AF1297 /* Release */ = {
			isa = XCBuildConfiguration;
			buildSettings = {
				ALWAYS_SEARCH_USER_PATHS = NO;
				CLANG_CXX_LANGUAGE_STANDARD = "gnu++0x";
				CLANG_CXX_LIBRARY = "libc++";
				CLANG_ENABLE_MODULES = YES;
				CLANG_ENABLE_OBJC_ARC = YES;
				CLANG_WARN_BOOL_CONVERSION = YES;
				CLANG_WARN_CONSTANT_CONVERSION = YES;
				CLANG_WARN_DIRECT_OBJC_ISA_USAGE = YES_ERROR;
				CLANG_WARN_EMPTY_BODY = YES;
				CLANG_WARN_ENUM_CONVERSION = YES;
				CLANG_WARN_INT_CONVERSION = YES;
				CLANG_WARN_OBJC_ROOT_CLASS = YES_ERROR;
				CLANG_WARN_UNREACHABLE_CODE = YES;
				CLANG_WARN__DUPLICATE_METHOD_MATCH = YES;
				"CODE_SIGN_IDENTITY[sdk=iphoneos*]" = "iPhone Developer";
				COPY_PHASE_STRIP = NO;
				DEBUG_INFORMATION_FORMAT = "dwarf-with-dsym";
				ENABLE_NS_ASSERTIONS = NO;
				ENABLE_STRICT_OBJC_MSGSEND = YES;
				GCC_C_LANGUAGE_STANDARD = gnu99;
				GCC_NO_COMMON_BLOCKS = YES;
				GCC_WARN_64_TO_32_BIT_CONVERSION = YES;
				GCC_WARN_ABOUT_RETURN_TYPE = YES_ERROR;
				GCC_WARN_UNDECLARED_SELECTOR = YES;
				GCC_WARN_UNINITIALIZED_AUTOS = YES_AGGRESSIVE;
				GCC_WARN_UNUSED_FUNCTION = YES;
				GCC_WARN_UNUSED_VARIABLE = YES;
				IPHONEOS_DEPLOYMENT_TARGET = 9.2;
				MTL_ENABLE_DEBUG_INFO = NO;
				SDKROOT = iphoneos;
				TARGETED_DEVICE_FAMILY = "1,2";
				VALIDATE_PRODUCT = YES;
			};
			name = Release;
		};
		B59EC4581D3FB45C00AF1297 /* Debug */ = {
			isa = XCBuildConfiguration;
			baseConfigurationReference = 300B342D95480D2EB8714615 /* Pods-PeakPerformance.debug.xcconfig */;
			buildSettings = {
				ASSETCATALOG_COMPILER_APPICON_NAME = AppIcon;
				CODE_SIGN_IDENTITY = "iPhone Developer";
				"CODE_SIGN_IDENTITY[sdk=iphoneos*]" = "iPhone Developer";
				INFOPLIST_FILE = PeakPerformance/Info.plist;
				IPHONEOS_DEPLOYMENT_TARGET = 9.1;
				LD_RUNPATH_SEARCH_PATHS = "$(inherited) @executable_path/Frameworks";
				PRODUCT_BUNDLE_IDENTIFIER = com.derridale.PeakPerformance;
				PRODUCT_NAME = "$(TARGET_NAME)";
				PROVISIONING_PROFILE = "";
			};
			name = Debug;
		};
		B59EC4591D3FB45C00AF1297 /* Release */ = {
			isa = XCBuildConfiguration;
			baseConfigurationReference = 1F46C5B205D65FAB57EACF14 /* Pods-PeakPerformance.release.xcconfig */;
			buildSettings = {
				ASSETCATALOG_COMPILER_APPICON_NAME = AppIcon;
				CODE_SIGN_IDENTITY = "iPhone Developer";
				"CODE_SIGN_IDENTITY[sdk=iphoneos*]" = "iPhone Developer";
				INFOPLIST_FILE = PeakPerformance/Info.plist;
				IPHONEOS_DEPLOYMENT_TARGET = 9.1;
				LD_RUNPATH_SEARCH_PATHS = "$(inherited) @executable_path/Frameworks";
				PRODUCT_BUNDLE_IDENTIFIER = com.derridale.PeakPerformance;
				PRODUCT_NAME = "$(TARGET_NAME)";
				PROVISIONING_PROFILE = "";
			};
			name = Release;
		};
		B59EC45B1D3FB45C00AF1297 /* Debug */ = {
			isa = XCBuildConfiguration;
			buildSettings = {
				BUNDLE_LOADER = "$(TEST_HOST)";
				INFOPLIST_FILE = PeakPerformanceTests/Info.plist;
				LD_RUNPATH_SEARCH_PATHS = "$(inherited) @executable_path/Frameworks @loader_path/Frameworks";
				PRODUCT_BUNDLE_IDENTIFIER = com.derridale.PeakPerformanceTests;
				PRODUCT_NAME = "$(TARGET_NAME)";
				TEST_HOST = "$(BUILT_PRODUCTS_DIR)/PeakPerformance.app/PeakPerformance";
			};
			name = Debug;
		};
		B59EC45C1D3FB45C00AF1297 /* Release */ = {
			isa = XCBuildConfiguration;
			buildSettings = {
				BUNDLE_LOADER = "$(TEST_HOST)";
				INFOPLIST_FILE = PeakPerformanceTests/Info.plist;
				LD_RUNPATH_SEARCH_PATHS = "$(inherited) @executable_path/Frameworks @loader_path/Frameworks";
				PRODUCT_BUNDLE_IDENTIFIER = com.derridale.PeakPerformanceTests;
				PRODUCT_NAME = "$(TARGET_NAME)";
				TEST_HOST = "$(BUILT_PRODUCTS_DIR)/PeakPerformance.app/PeakPerformance";
			};
			name = Release;
		};
		B59EC45E1D3FB45C00AF1297 /* Debug */ = {
			isa = XCBuildConfiguration;
			buildSettings = {
				INFOPLIST_FILE = PeakPerformanceUITests/Info.plist;
				LD_RUNPATH_SEARCH_PATHS = "$(inherited) @executable_path/Frameworks @loader_path/Frameworks";
				PRODUCT_BUNDLE_IDENTIFIER = com.derridale.PeakPerformanceUITests;
				PRODUCT_NAME = "$(TARGET_NAME)";
				TEST_TARGET_NAME = PeakPerformance;
				USES_XCTRUNNER = YES;
			};
			name = Debug;
		};
		B59EC45F1D3FB45C00AF1297 /* Release */ = {
			isa = XCBuildConfiguration;
			buildSettings = {
				INFOPLIST_FILE = PeakPerformanceUITests/Info.plist;
				LD_RUNPATH_SEARCH_PATHS = "$(inherited) @executable_path/Frameworks @loader_path/Frameworks";
				PRODUCT_BUNDLE_IDENTIFIER = com.derridale.PeakPerformanceUITests;
				PRODUCT_NAME = "$(TARGET_NAME)";
				TEST_TARGET_NAME = PeakPerformance;
				USES_XCTRUNNER = YES;
			};
			name = Release;
		};
/* End XCBuildConfiguration section */

/* Begin XCConfigurationList section */
		B59EC42A1D3FB45C00AF1297 /* Build configuration list for PBXProject "PeakPerformance" */ = {
			isa = XCConfigurationList;
			buildConfigurations = (
				B59EC4551D3FB45C00AF1297 /* Debug */,
				B59EC4561D3FB45C00AF1297 /* Release */,
			);
			defaultConfigurationIsVisible = 0;
			defaultConfigurationName = Release;
		};
		B59EC4571D3FB45C00AF1297 /* Build configuration list for PBXNativeTarget "PeakPerformance" */ = {
			isa = XCConfigurationList;
			buildConfigurations = (
				B59EC4581D3FB45C00AF1297 /* Debug */,
				B59EC4591D3FB45C00AF1297 /* Release */,
			);
			defaultConfigurationIsVisible = 0;
			defaultConfigurationName = Release;
		};
		B59EC45A1D3FB45C00AF1297 /* Build configuration list for PBXNativeTarget "PeakPerformanceTests" */ = {
			isa = XCConfigurationList;
			buildConfigurations = (
				B59EC45B1D3FB45C00AF1297 /* Debug */,
				B59EC45C1D3FB45C00AF1297 /* Release */,
			);
			defaultConfigurationIsVisible = 0;
			defaultConfigurationName = Release;
		};
		B59EC45D1D3FB45C00AF1297 /* Build configuration list for PBXNativeTarget "PeakPerformanceUITests" */ = {
			isa = XCConfigurationList;
			buildConfigurations = (
				B59EC45E1D3FB45C00AF1297 /* Debug */,
				B59EC45F1D3FB45C00AF1297 /* Release */,
			);
			defaultConfigurationIsVisible = 0;
			defaultConfigurationName = Release;
		};
/* End XCConfigurationList section */
	};
	rootObject = B59EC4271D3FB45C00AF1297 /* Project object */;
}
